{
  "requires": true,
  "lockfileVersion": 1,
  "dependencies": {
    "assert-err": {
      "version": "1.1.0",
      "resolved": "https://registry.npmjs.org/assert-err/-/assert-err-1.1.0.tgz",
      "integrity": "sha1-wFBieZodl9P16qJY4yQqq0mfyO8=",
      "requires": {
        "escape-string-regexp": "^1.0.5",
        "object-assign": "^4.1.0"
      }
    },
    "escape-string-regexp": {
      "version": "1.0.5",
      "resolved": "https://registry.npmjs.org/escape-string-regexp/-/escape-string-regexp-1.0.5.tgz",
      "integrity": "sha1-G2HAViGQqN/2rjuyzwIAyhMLhtQ="
    },
    "graphql-date": {
      "version": "1.0.3",
      "resolved": "https://registry.npmjs.org/graphql-date/-/graphql-date-1.0.3.tgz",
      "integrity": "sha1-Mc4FrkDtjIzrBANkBgEJdx5xLpE=",
      "requires": {
        "assert-err": "^1.0.0"
      }
    },
    "object-assign": {
      "version": "4.1.1",
      "resolved": "https://registry.npmjs.org/object-assign/-/object-assign-4.1.1.tgz",
      "integrity": "sha1-IQmtx5ZYh8/AXLvUQsrIv7s2CGM="
    }
  }
}
